
Microsoft Visual Studio Solution File, Format Version 10.00
# Visual Studio 2008
Project("{FAE04EC0-301F-11D3-BF4B-00C04F79EFBC}") = "ScriptTool", "ScriptTool.csproj", "{C365ADB6-1859-4290-96FE-990AF63B9EC7}"
EndProject
Global
	GlobalSection(SolutionConfigurationPlatforms) = preSolution
		Debug|Any CPU = Debug|Any CPU
		Release|Any CPU = Release|Any CPU
	EndGlobalSection
	GlobalSection(ProjectConfigurationPlatforms) = postSolution
		{C365ADB6-1859-4290-96FE-990AF63B9EC7}.Debug|Any CPU.ActiveCfg = Debug|Any CPU
		{C365ADB6-1859-4290-96FE-990AF63B9EC7}.Debug|Any CPU.Build.0 = Debug|Any CPU
		{C365ADB6-1859-4290-96FE-990AF63B9EC7}.Release|Any CPU.ActiveCfg = Release|Any CPU
		{C365ADB6-1859-4290-96FE-990AF63B9EC7}.Release|Any CPU.Build.0 = Release|Any CPU
	EndGlobalSection
	GlobalSection(SolutionProperties) = preSolution
		HideSolutionNode = FALSE
	EndGlobalSection
EndGlobal
